
Microsoft Visual Studio Solution File, Format Version 12.00
# Visual Studio Version 17
VisualStudioVersion = 17.8.34309.116
MinimumVisualStudioVersion = 10.0.40219.1
Project("{FAE04EC0-301F-11D3-BF4B-00C04F79EFBC}") = "Matrixsoft.Console", "Matrixsoft.Console\Matrixsoft.Console.csproj", "{764E286B-7808-4FE1-AC01-89B69ACB1170}"
EndProject
Project("{FAE04EC0-301F-11D3-BF4B-00C04F79EFBC}") = "Matrixsoft.Framework", "Matrixsoft.Framework\Matrixsoft.Framework.csproj", "{EAAB309E-0F86-4C39-AF3F-A910D4F16C9C}"
EndProject
Global
	GlobalSection(SolutionConfigurationPlatforms) = preSolution
		Debug|Any CPU = Debug|Any CPU
		Release|Any CPU = Release|Any CPU
	EndGlobalSection
	GlobalSection(ProjectConfigurationPlatforms) = postSolution
		{764E286B-7808-4FE1-AC01-89B69ACB1170}.Debug|Any CPU.ActiveCfg = Debug|Any CPU
		{764E286B-7808-4FE1-AC01-89B69ACB1170}.Debug|Any CPU.Build.0 = Debug|Any CPU
		{764E286B-7808-4FE1-AC01-89B69ACB1170}.Release|Any CPU.ActiveCfg = Release|Any CPU
		{764E286B-7808-4FE1-AC01-89B69ACB1170}.Release|Any CPU.Build.0 = Release|Any CPU
		{EAAB309E-0F86-4C39-AF3F-A910D4F16C9C}.Debug|Any CPU.ActiveCfg = Debug|Any CPU
		{EAAB309E-0F86-4C39-AF3F-A910D4F16C9C}.Debug|Any CPU.Build.0 = Debug|Any CPU
		{EAAB309E-0F86-4C39-AF3F-A910D4F16C9C}.Release|Any CPU.ActiveCfg = Release|Any CPU
		{EAAB309E-0F86-4C39-AF3F-A910D4F16C9C}.Release|Any CPU.Build.0 = Release|Any CPU
	EndGlobalSection
	GlobalSection(SolutionProperties) = preSolution
		HideSolutionNode = FALSE
	EndGlobalSection
	GlobalSection(ExtensibilityGlobals) = postSolution
		SolutionGuid = {5A823030-2E4A-4D78-8214-FB83EC200437}
	EndGlobalSection
EndGlobal
